<?xml version="1.0" encoding="utf-8"?>
<Project ToolsVersion="4.0" xmlns="http://schemas.microsoft.com/developer/msbuild/2003">
  <ItemGroup>
    <Filter Include="소스 파일">
      <UniqueIdentifier>{4FC737F1-C7A5-4376-A066-2A32D752A2FF}</UniqueIdentifier>
      <Extensions>cpp;c;cc;cxx;c++;cppm;ixx;def;odl;idl;hpj;bat;asm;asmx</Extensions>
    </Filter>
    <Filter Include="헤더 파일">
      <UniqueIdentifier>{93995380-89BD-4b04-88EB-625FBE52EBFB}</UniqueIdentifier>
      <Extensions>h;hh;hpp;hxx;h++;hm;inl;inc;ipp;xsd</Extensions>
    </Filter>
    <Filter Include="리소스 파일">
      <UniqueIdentifier>{67DA6AB6-F800-4c08-8B7A-83BB121AAD01}</UniqueIdentifier>
      <Extensions>rc;ico;cur;bmp;dlg;rc2;rct;bin;rgs;gif;jpg;jpeg;jpe;resx;tiff;tif;png;wav;mfcribbon-ms</Extensions>
    </Filter>
    <Filter Include="Activation">
      <UniqueIdentifier>{8732da6d-3838-4c4c-b8a2-fa43174eeb11}</UniqueIdentifier>
    </Filter>
    <Filter Include="Loss">
      <UniqueIdentifier>{08d159c8-4bac-446b-86f5-360ee2cffb1e}</UniqueIdentifier>
    </Filter>
  </ItemGroup>
  <ItemGroup>
    <ClInclude Include="framework.h">
      <Filter>헤더 파일</Filter>
    </ClInclude>
    <ClInclude Include="pch.h">
      <Filter>헤더 파일</Filter>
    </ClInclude>
    <ClInclude Include="Regression.h">
      <Filter>헤더 파일</Filter>
    </ClInclude>
    <ClInclude Include="LinearRegression.h">
      <Filter>헤더 파일</Filter>
    </ClInclude>
    <ClInclude Include="LogisticRegression.h">
      <Filter>헤더 파일</Filter>
    </ClInclude>
    <ClInclude Include="Info.h">
      <Filter>헤더 파일</Filter>
    </ClInclude>
    <ClInclude Include="Timer.h">
      <Filter>헤더 파일</Filter>
    </ClInclude>
    <ClInclude Include="_Math.h">
      <Filter>헤더 파일</Filter>
    </ClInclude>
    <ClInclude Include="NeuralNetwork.h">
      <Filter>헤더 파일</Filter>
    </ClInclude>
    <ClInclude Include="Activation.h">
      <Filter>Activation</Filter>
    </ClInclude>
    <ClInclude Include="LinearAct.h">
      <Filter>Activation</Filter>
    </ClInclude>
    <ClInclude Include="LogisticAct.h">
      <Filter>Activation</Filter>
    </ClInclude>
    <ClInclude Include="SoftmaxAct.h">
      <Filter>Activation</Filter>
    </ClInclude>
    <ClInclude Include="ReluAct.h">
      <Filter>Activation</Filter>
    </ClInclude>
    <ClInclude Include="Neuron.h">
      <Filter>헤더 파일</Filter>
    </ClInclude>
    <ClInclude Include="Layer.h">
      <Filter>헤더 파일</Filter>
    </ClInclude>
    <ClInclude Include="FactoryAct.h">
      <Filter>헤더 파일</Filter>
    </ClInclude>
    <ClInclude Include="Normalizer.h">
      <Filter>헤더 파일</Filter>
    </ClInclude>
    <ClInclude Include="CategoricalCrossEntropy.h">
      <Filter>Loss</Filter>
    </ClInclude>
    <ClInclude Include="BinaryCrossEntropy.h">
      <Filter>Loss</Filter>
    </ClInclude>
    <ClInclude Include="Loss.h">
      <Filter>Loss</Filter>
    </ClInclude>
    <ClInclude Include="MeanSqauredError.h">
      <Filter>Loss</Filter>
    </ClInclude>
    <ClInclude Include="FactoryLoss.h">
      <Filter>헤더 파일</Filter>
    </ClInclude>
  </ItemGroup>
  <ItemGroup>
    <ClCompile Include="MLLib.cpp">
      <Filter>소스 파일</Filter>
    </ClCompile>
    <ClCompile Include="pch.cpp">
      <Filter>소스 파일</Filter>
    </ClCompile>
    <ClCompile Include="Regression.cpp">
      <Filter>소스 파일</Filter>
    </ClCompile>
    <ClCompile Include="LinearRegression.cpp">
      <Filter>소스 파일</Filter>
    </ClCompile>
    <ClCompile Include="LogisticRegression.cpp">
      <Filter>소스 파일</Filter>
    </ClCompile>
    <ClCompile Include="Timer.cpp">
      <Filter>소스 파일</Filter>
    </ClCompile>
    <ClCompile Include="_Math.cpp">
      <Filter>소스 파일</Filter>
    </ClCompile>
    <ClCompile Include="NeuralNetwork.cpp">
      <Filter>소스 파일</Filter>
    </ClCompile>
    <ClCompile Include="Activation.cpp">
      <Filter>Activation</Filter>
    </ClCompile>
    <ClCompile Include="LinearAct.cpp">
      <Filter>Activation</Filter>
    </ClCompile>
    <ClCompile Include="ReluAct.cpp">
      <Filter>Activation</Filter>
    </ClCompile>
    <ClCompile Include="SoftmaxAct.cpp">
      <Filter>Activation</Filter>
    </ClCompile>
    <ClCompile Include="LogisticAct.cpp">
      <Filter>Activation</Filter>
    </ClCompile>
    <ClCompile Include="Neuron.cpp">
      <Filter>소스 파일</Filter>
    </ClCompile>
    <ClCompile Include="Layer.cpp">
      <Filter>소스 파일</Filter>
    </ClCompile>
    <ClCompile Include="FactoryAct.cpp">
      <Filter>소스 파일</Filter>
    </ClCompile>
    <ClCompile Include="Normalizer.cpp">
      <Filter>소스 파일</Filter>
    </ClCompile>
    <ClCompile Include="BinaryCrossEntropy.cpp">
      <Filter>Loss</Filter>
    </ClCompile>
    <ClCompile Include="CategoricalCrossEntropy.cpp">
      <Filter>Loss</Filter>
    </ClCompile>
    <ClCompile Include="MeanSqauredError.cpp">
      <Filter>Loss</Filter>
    </ClCompile>
    <ClCompile Include="Loss.cpp">
      <Filter>Loss</Filter>
    </ClCompile>
    <ClCompile Include="FactoryLoss.cpp">
      <Filter>소스 파일</Filter>
    </ClCompile>
  </ItemGroup>
</Project>